
Microsoft Visual Studio Solution File, Format Version 12.00
# Visual Studio Version 17
VisualStudioVersion = 17.4.33205.214
MinimumVisualStudioVersion = 10.0.40219.1
Project("{FAE04EC0-301F-11D3-BF4B-00C04F79EFBC}") = "WebApiControlStock", "WebApiControlStock\WebApiControlStock.csproj", "{5118DEAB-F78F-462F-83F7-C96B75897E59}"
EndProject
Global
	GlobalSection(SolutionConfigurationPlatforms) = preSolution
		Debug|Any CPU = Debug|Any CPU
		Release|Any CPU = Release|Any CPU
	EndGlobalSection
	GlobalSection(ProjectConfigurationPlatforms) = postSolution
		{5118DEAB-F78F-462F-83F7-C96B75897E59}.Debug|Any CPU.ActiveCfg = Debug|Any CPU
		{5118DEAB-F78F-462F-83F7-C96B75897E59}.Debug|Any CPU.Build.0 = Debug|Any CPU
		{5118DEAB-F78F-462F-83F7-C96B75897E59}.Release|Any CPU.ActiveCfg = Release|Any CPU
		{5118DEAB-F78F-462F-83F7-C96B75897E59}.Release|Any CPU.Build.0 = Release|Any CPU
	EndGlobalSection
	GlobalSection(SolutionProperties) = preSolution
		HideSolutionNode = FALSE
	EndGlobalSection
	GlobalSection(ExtensibilityGlobals) = postSolution
		SolutionGuid = {B69A410D-309A-4D6A-8DFA-C69C9EE81A88}
	EndGlobalSection
EndGlobal
